
Microsoft Visual Studio Solution File, Format Version 12.00
# Visual Studio Version 17
VisualStudioVersion = 17.0.31611.283
MinimumVisualStudioVersion = 10.0.40219.1
Project("{9A19103F-16F7-4668-BE54-9A1E7A4F7556}") = "AppLotteryNumbers", "AppLotteryNumbers\AppLotteryNumbers.csproj", "{816BA6C1-26E5-4B6B-BC6D-1FE655870D26}"
EndProject
Project("{2150E333-8FDC-42A3-9474-1A3956D46DE8}") = "app-lottery-numbers", "app-lottery-numbers", "{C9B76F14-5F8B-49DD-9332-387C4FC997C9}"
EndProject
Project("{2150E333-8FDC-42A3-9474-1A3956D46DE8}") = "page-types", "page-types", "{4248FD53-58ED-41A0-A6BF-3570CC84C70C}"
EndProject
Project("{FAE04EC0-301F-11D3-BF4B-00C04F79EFBC}") = "AppContentPage", "AppContentPage\AppContentPage.csproj", "{079211E1-E473-4F3D-9AF2-719A0617CD79}"
EndProject
Project("{FAE04EC0-301F-11D3-BF4B-00C04F79EFBC}") = "AppNavigationPage", "AppNavigationPage\AppNavigationPage.csproj", "{224A960D-1391-462D-9FC6-9F7C6B2076E7}"
EndProject
Project("{FAE04EC0-301F-11D3-BF4B-00C04F79EFBC}") = "AppFlyoutPage", "AppFlyoutPage\AppFlyoutPage.csproj", "{DAEFA034-0BA1-4AB4-ADEC-D4FE4D292086}"
EndProject
Project("{FAE04EC0-301F-11D3-BF4B-00C04F79EFBC}") = "AppTabbedPage", "AppTabbedPage\AppTabbedPage.csproj", "{F6AABA14-0C62-4B86-8B7A-15BE7C72F4D4}"
EndProject
Global
	GlobalSection(SolutionConfigurationPlatforms) = preSolution
		Debug|Any CPU = Debug|Any CPU
		Release|Any CPU = Release|Any CPU
	EndGlobalSection
	GlobalSection(ProjectConfigurationPlatforms) = postSolution
		{816BA6C1-26E5-4B6B-BC6D-1FE655870D26}.Debug|Any CPU.ActiveCfg = Debug|Any CPU
		{816BA6C1-26E5-4B6B-BC6D-1FE655870D26}.Debug|Any CPU.Build.0 = Debug|Any CPU
		{816BA6C1-26E5-4B6B-BC6D-1FE655870D26}.Debug|Any CPU.Deploy.0 = Debug|Any CPU
		{816BA6C1-26E5-4B6B-BC6D-1FE655870D26}.Release|Any CPU.ActiveCfg = Release|Any CPU
		{816BA6C1-26E5-4B6B-BC6D-1FE655870D26}.Release|Any CPU.Build.0 = Release|Any CPU
		{816BA6C1-26E5-4B6B-BC6D-1FE655870D26}.Release|Any CPU.Deploy.0 = Release|Any CPU
		{079211E1-E473-4F3D-9AF2-719A0617CD79}.Debug|Any CPU.ActiveCfg = Debug|Any CPU
		{079211E1-E473-4F3D-9AF2-719A0617CD79}.Debug|Any CPU.Build.0 = Debug|Any CPU
		{079211E1-E473-4F3D-9AF2-719A0617CD79}.Debug|Any CPU.Deploy.0 = Debug|Any CPU
		{079211E1-E473-4F3D-9AF2-719A0617CD79}.Release|Any CPU.ActiveCfg = Release|Any CPU
		{079211E1-E473-4F3D-9AF2-719A0617CD79}.Release|Any CPU.Build.0 = Release|Any CPU
		{079211E1-E473-4F3D-9AF2-719A0617CD79}.Release|Any CPU.Deploy.0 = Release|Any CPU
		{224A960D-1391-462D-9FC6-9F7C6B2076E7}.Debug|Any CPU.ActiveCfg = Debug|Any CPU
		{224A960D-1391-462D-9FC6-9F7C6B2076E7}.Debug|Any CPU.Build.0 = Debug|Any CPU
		{224A960D-1391-462D-9FC6-9F7C6B2076E7}.Debug|Any CPU.Deploy.0 = Debug|Any CPU
		{224A960D-1391-462D-9FC6-9F7C6B2076E7}.Release|Any CPU.ActiveCfg = Release|Any CPU
		{224A960D-1391-462D-9FC6-9F7C6B2076E7}.Release|Any CPU.Build.0 = Release|Any CPU
		{224A960D-1391-462D-9FC6-9F7C6B2076E7}.Release|Any CPU.Deploy.0 = Release|Any CPU
		{DAEFA034-0BA1-4AB4-ADEC-D4FE4D292086}.Debug|Any CPU.ActiveCfg = Debug|Any CPU
		{DAEFA034-0BA1-4AB4-ADEC-D4FE4D292086}.Debug|Any CPU.Build.0 = Debug|Any CPU
		{DAEFA034-0BA1-4AB4-ADEC-D4FE4D292086}.Debug|Any CPU.Deploy.0 = Debug|Any CPU
		{DAEFA034-0BA1-4AB4-ADEC-D4FE4D292086}.Release|Any CPU.ActiveCfg = Release|Any CPU
		{DAEFA034-0BA1-4AB4-ADEC-D4FE4D292086}.Release|Any CPU.Build.0 = Release|Any CPU
		{DAEFA034-0BA1-4AB4-ADEC-D4FE4D292086}.Release|Any CPU.Deploy.0 = Release|Any CPU
		{F6AABA14-0C62-4B86-8B7A-15BE7C72F4D4}.Debug|Any CPU.ActiveCfg = Debug|Any CPU
		{F6AABA14-0C62-4B86-8B7A-15BE7C72F4D4}.Debug|Any CPU.Build.0 = Debug|Any CPU
		{F6AABA14-0C62-4B86-8B7A-15BE7C72F4D4}.Debug|Any CPU.Deploy.0 = Debug|Any CPU
		{F6AABA14-0C62-4B86-8B7A-15BE7C72F4D4}.Release|Any CPU.ActiveCfg = Release|Any CPU
		{F6AABA14-0C62-4B86-8B7A-15BE7C72F4D4}.Release|Any CPU.Build.0 = Release|Any CPU
		{F6AABA14-0C62-4B86-8B7A-15BE7C72F4D4}.Release|Any CPU.Deploy.0 = Release|Any CPU
	EndGlobalSection
	GlobalSection(SolutionProperties) = preSolution
		HideSolutionNode = FALSE
	EndGlobalSection
	GlobalSection(NestedProjects) = preSolution
		{816BA6C1-26E5-4B6B-BC6D-1FE655870D26} = {C9B76F14-5F8B-49DD-9332-387C4FC997C9}
		{079211E1-E473-4F3D-9AF2-719A0617CD79} = {4248FD53-58ED-41A0-A6BF-3570CC84C70C}
		{224A960D-1391-462D-9FC6-9F7C6B2076E7} = {4248FD53-58ED-41A0-A6BF-3570CC84C70C}
		{DAEFA034-0BA1-4AB4-ADEC-D4FE4D292086} = {4248FD53-58ED-41A0-A6BF-3570CC84C70C}
		{F6AABA14-0C62-4B86-8B7A-15BE7C72F4D4} = {4248FD53-58ED-41A0-A6BF-3570CC84C70C}
	EndGlobalSection
	GlobalSection(ExtensibilityGlobals) = postSolution
		SolutionGuid = {61F7FB11-1E47-470C-91E2-47F8143E1572}
	EndGlobalSection
EndGlobal
